
Microsoft Visual Studio Solution File, Format Version 12.00
# Visual Studio Version 16
VisualStudioVersion = 16.0.31624.102
MinimumVisualStudioVersion = 10.0.40219.1
Project("{FAE04EC0-301F-11D3-BF4B-00C04F79EFBC}") = "WebApplication", "WebApplication\WebApplication.csproj", "{EBA505E7-3FF2-4EFE-A7D8-727B88B3EFA5}"
EndProject
Project("{FAE04EC0-301F-11D3-BF4B-00C04F79EFBC}") = "WebApplication.Application", "WebApplication.Application\WebApplication.Application.csproj", "{D173FF11-092C-41BD-BEC5-9062C8379E8D}"
EndProject
Project("{FAE04EC0-301F-11D3-BF4B-00C04F79EFBC}") = "WebApplication.Repository", "WebApplication.Repository\WebApplication.Repository.csproj", "{CF9377B5-0C56-441F-94F1-2E8D1AAE7B80}"
EndProject
Project("{FAE04EC0-301F-11D3-BF4B-00C04F79EFBC}") = "WebApplication.Models", "WebApplication.Models\WebApplication.Models.csproj", "{DBD9A168-309D-44FA-9051-35883DC4EFD4}"
EndProject
Project("{FAE04EC0-301F-11D3-BF4B-00C04F79EFBC}") = "WebApplication.Infrastructure", "WebApplication.Infrastructure\WebApplication.Infrastructure.csproj", "{C7696D9B-587D-4945-AF43-5F75407C501F}"
EndProject
Global
	GlobalSection(SolutionConfigurationPlatforms) = preSolution
		Debug|Any CPU = Debug|Any CPU
		Release|Any CPU = Release|Any CPU
	EndGlobalSection
	GlobalSection(ProjectConfigurationPlatforms) = postSolution
		{EBA505E7-3FF2-4EFE-A7D8-727B88B3EFA5}.Debug|Any CPU.ActiveCfg = Debug|Any CPU
		{EBA505E7-3FF2-4EFE-A7D8-727B88B3EFA5}.Debug|Any CPU.Build.0 = Debug|Any CPU
		{EBA505E7-3FF2-4EFE-A7D8-727B88B3EFA5}.Release|Any CPU.ActiveCfg = Release|Any CPU
		{EBA505E7-3FF2-4EFE-A7D8-727B88B3EFA5}.Release|Any CPU.Build.0 = Release|Any CPU
		{D173FF11-092C-41BD-BEC5-9062C8379E8D}.Debug|Any CPU.ActiveCfg = Debug|Any CPU
		{D173FF11-092C-41BD-BEC5-9062C8379E8D}.Debug|Any CPU.Build.0 = Debug|Any CPU
		{D173FF11-092C-41BD-BEC5-9062C8379E8D}.Release|Any CPU.ActiveCfg = Release|Any CPU
		{D173FF11-092C-41BD-BEC5-9062C8379E8D}.Release|Any CPU.Build.0 = Release|Any CPU
		{CF9377B5-0C56-441F-94F1-2E8D1AAE7B80}.Debug|Any CPU.ActiveCfg = Debug|Any CPU
		{CF9377B5-0C56-441F-94F1-2E8D1AAE7B80}.Debug|Any CPU.Build.0 = Debug|Any CPU
		{CF9377B5-0C56-441F-94F1-2E8D1AAE7B80}.Release|Any CPU.ActiveCfg = Release|Any CPU
		{CF9377B5-0C56-441F-94F1-2E8D1AAE7B80}.Release|Any CPU.Build.0 = Release|Any CPU
		{DBD9A168-309D-44FA-9051-35883DC4EFD4}.Debug|Any CPU.ActiveCfg = Debug|Any CPU
		{DBD9A168-309D-44FA-9051-35883DC4EFD4}.Debug|Any CPU.Build.0 = Debug|Any CPU
		{DBD9A168-309D-44FA-9051-35883DC4EFD4}.Release|Any CPU.ActiveCfg = Release|Any CPU
		{DBD9A168-309D-44FA-9051-35883DC4EFD4}.Release|Any CPU.Build.0 = Release|Any CPU
		{C7696D9B-587D-4945-AF43-5F75407C501F}.Debug|Any CPU.ActiveCfg = Debug|Any CPU
		{C7696D9B-587D-4945-AF43-5F75407C501F}.Debug|Any CPU.Build.0 = Debug|Any CPU
		{C7696D9B-587D-4945-AF43-5F75407C501F}.Release|Any CPU.ActiveCfg = Release|Any CPU
		{C7696D9B-587D-4945-AF43-5F75407C501F}.Release|Any CPU.Build.0 = Release|Any CPU
	EndGlobalSection
	GlobalSection(SolutionProperties) = preSolution
		HideSolutionNode = FALSE
	EndGlobalSection
	GlobalSection(ExtensibilityGlobals) = postSolution
		SolutionGuid = {1919450C-C058-432D-B481-23C8B968C557}
	EndGlobalSection
EndGlobal
